
Microsoft Visual Studio Solution File, Format Version 12.00
# Visual Studio Version 17
VisualStudioVersion = 17.5.002.0
MinimumVisualStudioVersion = 10.0.40219.1
Project("{9A19103F-16F7-4668-BE54-9A1E7A4F7556}") = "BarcodeGeneration", "BarcodeGeneration\BarcodeGeneration.csproj", "{40605657-4453-41E0-8789-B6943EB1E510}"
EndProject
Global
	GlobalSection(SolutionConfigurationPlatforms) = preSolution
		Debug|Any CPU = Debug|Any CPU
		Release|Any CPU = Release|Any CPU
	EndGlobalSection
	GlobalSection(ProjectConfigurationPlatforms) = postSolution
		{40605657-4453-41E0-8789-B6943EB1E510}.Debug|Any CPU.ActiveCfg = Debug|Any CPU
		{40605657-4453-41E0-8789-B6943EB1E510}.Debug|Any CPU.Build.0 = Debug|Any CPU
		{40605657-4453-41E0-8789-B6943EB1E510}.Release|Any CPU.ActiveCfg = Release|Any CPU
		{40605657-4453-41E0-8789-B6943EB1E510}.Release|Any CPU.Build.0 = Release|Any CPU
	EndGlobalSection
	GlobalSection(SolutionProperties) = preSolution
		HideSolutionNode = FALSE
	EndGlobalSection
	GlobalSection(ExtensibilityGlobals) = postSolution
		SolutionGuid = {B26539BF-B8BB-4857-80C9-02878CF5F621}
	EndGlobalSection
EndGlobal
